// !$*UTF8*$!
{
	archiveVersion = 1;
	classes = {
	};
	objectVersion = 46;
	objects = {

/* Begin PBXBuildFile section */
		15DF9EB81BFC12F5005CCECB /* AppDelegate.swift in Sources */ = {isa = PBXBuildFile; fileRef = 15DF9EB71BFC12F5005CCECB /* AppDelegate.swift */; };
		15DF9EBA1BFC12F5005CCECB /* ViewController.swift in Sources */ = {isa = PBXBuildFile; fileRef = 15DF9EB91BFC12F5005CCECB /* ViewController.swift */; };
		15DF9EBD1BFC12F5005CCECB /* Main.storyboard in Resources */ = {isa = PBXBuildFile; fileRef = 15DF9EBB1BFC12F5005CCECB /* Main.storyboard */; };
		15DF9EC01BFC12F5005CCECB /* git_fun.xcdatamodeld in Sources */ = {isa = PBXBuildFile; fileRef = 15DF9EBE1BFC12F5005CCECB /* git_fun.xcdatamodeld */; };
		15DF9EC21BFC12F5005CCECB /* Assets.xcassets in Resources */ = {isa = PBXBuildFile; fileRef = 15DF9EC11BFC12F5005CCECB /* Assets.xcassets */; };
		15DF9EC51BFC12F5005CCECB /* LaunchScreen.storyboard in Resources */ = {isa = PBXBuildFile; fileRef = 15DF9EC31BFC12F5005CCECB /* LaunchScreen.storyboard */; };
		15DF9ED01BFC12F5005CCECB /* git_funTests.swift in Sources */ = {isa = PBXBuildFile; fileRef = 15DF9ECF1BFC12F5005CCECB /* git_funTests.swift */; };
/* End PBXBuildFile section */

/* Begin PBXContainerItemProxy section */
		15DF9ECC1BFC12F5005CCECB /* PBXContainerItemProxy */ = {
			isa = PBXContainerItemProxy;
			containerPortal = 15DF9EAC1BFC12F5005CCECB /* Project object */;
			proxyType = 1;
			remoteGlobalIDString = 15DF9EB31BFC12F5005CCECB;
			remoteInfo = "git-fun";
		};
/* End PBXContainerItemProxy section */

/* Begin PBXFileReference section */
		15DF9EB41BFC12F5005CCECB /* git-fun.app */ = {isa = PBXFileReference; explicitFileType = wrapper.application; includeInIndex = 0; path = "git-fun.app"; sourceTree = BUILT_PRODUCTS_DIR; };
		15DF9EB71BFC12F5005CCECB /* AppDelegate.swift */ = {isa = PBXFileReference; lastKnownFileType = sourcecode.swift; path = AppDelegate.swift; sourceTree = "<group>"; };
		15DF9EB91BFC12F5005CCECB /* ViewController.swift */ = {isa = PBXFileReference; lastKnownFileType = sourcecode.swift; path = ViewController.swift; sourceTree = "<group>"; };
		15DF9EBC1BFC12F5005CCECB /* Base */ = {isa = PBXFileReference; lastKnownFileType = file.storyboard; name = Base; path = Base.lproj/Main.storyboard; sourceTree = "<group>"; };
		15DF9EBF1BFC12F5005CCECB /* git_fun.xcdatamodel */ = {isa = PBXFileReference; lastKnownFileType = wrapper.xcdatamodel; path = git_fun.xcdatamodel; sourceTree = "<group>"; };
		15DF9EC11BFC12F5005CCECB /* Assets.xcassets */ = {isa = PBXFileReference; lastKnownFileType = folder.assetcatalog; path = Assets.xcassets; sourceTree = "<group>"; };
		15DF9EC41BFC12F5005CCECB /* Base */ = {isa = PBXFileReference; lastKnownFileType = file.storyboard; name = Base; path = Base.lproj/LaunchScreen.storyboard; sourceTree = "<group>"; };
		15DF9EC61BFC12F5005CCECB /* Info.plist */ = {isa = PBXFileReference; lastKnownFileType = text.plist.xml; path = Info.plist; sourceTree = "<group>"; };
		15DF9ECB1BFC12F5005CCECB /* git-funTests.xctest */ = {isa = PBXFileReference; explicitFileType = wrapper.cfbundle; includeInIndex = 0; path = "git-funTests.xctest"; sourceTree = BUILT_PRODUCTS_DIR; };
		15DF9ECF1BFC12F5005CCECB /* git_funTests.swift */ = {isa = PBXFileReference; lastKnownFileType = sourcecode.swift; path = git_funTests.swift; sourceTree = "<group>"; };
		15DF9ED11BFC12F5005CCECB /* Info.plist */ = {isa = PBXFileReference; lastKnownFileType = text.plist.xml; path = Info.plist; sourceTree = "<group>"; };
/* End PBXFileReference section */

/* Begin PBXFrameworksBuildPhase section */
		15DF9EB11BFC12F5005CCECB /* Frameworks */ = {
			isa = PBXFrameworksBuildPhase;
			buildActionMask = 2147483647;
			files = (
			);
			runOnlyForDeploymentPostprocessing = 0;
		};
		15DF9EC81BFC12F5005CCECB /* Frameworks */ = {
			isa = PBXFrameworksBuildPhase;
			buildActionMask = 2147483647;
			files = (
			);
			runOnlyForDeploymentPostprocessing = 0;
		};
/* End PBXFrameworksBuildPhase section */

/* Begin PBXGroup section */
		15DF9EAB1BFC12F5005CCECB = {
			isa = PBXGroup;
			children = (
				15DF9EB61BFC12F5005CCECB /* git-fun */,
				15DF9ECE1BFC12F5005CCECB /* git-funTests */,
				15DF9EB51BFC12F5005CCECB /* Products */,
			);
			sourceTree = "<group>";
		};
		15DF9EB51BFC12F5005CCECB /* Products */ = {
			isa = PBXGroup;
			children = (
				15DF9EB41BFC12F5005CCECB /* git-fun.app */,
				15DF9ECB1BFC12F5005CCECB /* git-funTests.xctest */,
			);
			name = Products;
			sourceTree = "<group>";
		};
		15DF9EB61BFC12F5005CCECB /* git-fun */ = {
			isa = PBXGroup;
			children = (
				15DF9EB71BFC12F5005CCECB /* AppDelegate.swift */,
				15DF9EB91BFC12F5005CCECB /* ViewController.swift */,
				15DF9EBB1BFC12F5005CCECB /* Main.storyboard */,
				15DF9EC11BFC12F5005CCECB /* Assets.xcassets */,
				15DF9EC31BFC12F5005CCECB /* LaunchScreen.storyboard */,
				15DF9EC61BFC12F5005CCECB /* Info.plist */,
				15DF9EBE1BFC12F5005CCECB /* git_fun.xcdatamodeld */,
			);
			path = "git-fun";
			sourceTree = "<group>";
		};
		15DF9ECE1BFC12F5005CCECB /* git-funTests */ = {
			isa = PBXGroup;
			children = (
				15DF9ECF1BFC12F5005CCECB /* git_funTests.swift */,
				15DF9ED11BFC12F5005CCECB /* Info.plist */,
			);
			path = "git-funTests";
			sourceTree = "<group>";
		};
/* End PBXGroup section */

/* Begin PBXNativeTarget section */
		15DF9EB31BFC12F5005CCECB /* git-fun */ = {
			isa = PBXNativeTarget;
			buildConfigurationList = 15DF9ED41BFC12F5005CCECB /* Build configuration list for PBXNativeTarget "git-fun" */;
			buildPhases = (
				15DF9EB01BFC12F5005CCECB /* Sources */,
				15DF9EB11BFC12F5005CCECB /* Frameworks */,
				15DF9EB21BFC12F5005CCECB /* Resources */,
			);
			buildRules = (
			);
			dependencies = (
			);
			name = "git-fun";
			productName = "git-fun";
			productReference = 15DF9EB41BFC12F5005CCECB /* git-fun.app */;
			productType = "com.apple.product-type.application";
		};
		15DF9ECA1BFC12F5005CCECB /* git-funTests */ = {
			isa = PBXNativeTarget;
			buildConfigurationList = 15DF9ED71BFC12F5005CCECB /* Build configuration list for PBXNativeTarget "git-funTests" */;
			buildPhases = (
				15DF9EC71BFC12F5005CCECB /* Sources */,
				15DF9EC81BFC12F5005CCECB /* Frameworks */,
				15DF9EC91BFC12F5005CCECB /* Resources */,
			);
			buildRules = (
			);
			dependencies = (
				15DF9ECD1BFC12F5005CCECB /* PBXTargetDependency */,
			);
			name = "git-funTests";
			productName = "git-funTests";
			productReference = 15DF9ECB1BFC12F5005CCECB /* git-funTests.xctest */;
			productType = "com.apple.product-type.bundle.unit-test";
		};
/* End PBXNativeTarget section */

/* Begin PBXProject section */
		15DF9EAC1BFC12F5005CCECB /* Project object */ = {
			isa = PBXProject;
			attributes = {
				LastSwiftUpdateCheck = 0710;
				LastUpgradeCheck = 0710;
				ORGANIZATIONNAME = "Daniel Yabuya";
				TargetAttributes = {
					15DF9EB31BFC12F5005CCECB = {
						CreatedOnToolsVersion = 7.1.1;
						DevelopmentTeam = Z4RN57MV5V;
					};
					15DF9ECA1BFC12F5005CCECB = {
						CreatedOnToolsVersion = 7.1.1;
						DevelopmentTeam = Z4RN57MV5V;
						TestTargetID = 15DF9EB31BFC12F5005CCECB;
					};
				};
			};
			buildConfigurationList = 15DF9EAF1BFC12F5005CCECB /* Build configuration list for PBXProject "git-fun" */;
			compatibilityVersion = "Xcode 3.2";
			developmentRegion = English;
			hasScannedForEncodings = 0;
			knownRegions = (
				en,
				Base,
			);
			mainGroup = 15DF9EAB1BFC12F5005CCECB;
			productRefGroup = 15DF9EB51BFC12F5005CCECB /* Products */;
			projectDirPath = "";
			projectRoot = "";
			targets = (
				15DF9EB31BFC12F5005CCECB /* git-fun */,
				15DF9ECA1BFC12F5005CCECB /* git-funTests */,
			);
		};
/* End PBXProject section */

/* Begin PBXResourcesBuildPhase section */
		15DF9EB21BFC12F5005CCECB /* Resources */ = {
			isa = PBXResourcesBuildPhase;
			buildActionMask = 2147483647;
			files = (
				15DF9EC51BFC12F5005CCECB /* LaunchScreen.storyboard in Resources */,
				15DF9EC21BFC12F5005CCECB /* Assets.xcassets in Resources */,
				15DF9EBD1BFC12F5005CCECB /* Main.storyboard in Resources */,
			);
			runOnlyForDeploymentPostprocessing = 0;
		};
		15DF9EC91BFC12F5005CCECB /* Resources */ = {
			isa = PBXResourcesBuildPhase;
			buildActionMask = 2147483647;
			files = (
			);
			runOnlyForDeploymentPostprocessing = 0;
		};
/* End PBXResourcesBuildPhase section */

/* Begin PBXSourcesBuildPhase section */
		15DF9EB01BFC12F5005CCECB /* Sources */ = {
			isa = PBXSourcesBuildPhase;
			buildActionMask = 2147483647;
			files = (
				15DF9EBA1BFC12F5005CCECB /* ViewController.swift in Sources */,
				15DF9EC01BFC12F5005CCECB /* git_fun.xcdatamodeld in Sources */,
				15DF9EB81BFC12F5005CCECB /* AppDelegate.swift in Sources */,
			);
			runOnlyForDeploymentPostprocessing = 0;
		};
		15DF9EC71BFC12F5005CCECB /* Sources */ = {
			isa = PBXSourcesBuildPhase;
			buildActionMask = 2147483647;
			files = (
				15DF9ED01BFC12F5005CCECB /* git_funTests.swift in Sources */,
			);
			runOnlyForDeploymentPostprocessing = 0;
		};
/* End PBXSourcesBuildPhase section */

/* Begin PBXTargetDependency section */
		15DF9ECD1BFC12F5005CCECB /* PBXTargetDependency */ = {
			isa = PBXTargetDependency;
			target = 15DF9EB31BFC12F5005CCECB /* git-fun */;
			targetProxy = 15DF9ECC1BFC12F5005CCECB /* PBXContainerItemProxy */;
		};
/* End PBXTargetDependency section */

/* Begin PBXVariantGroup section */
		15DF9EBB1BFC12F5005CCECB /* Main.storyboard */ = {
			isa = PBXVariantGroup;
			children = (
				15DF9EBC1BFC12F5005CCECB /* Base */,
			);
			name = Main.storyboard;
			sourceTree = "<group>";
		};
		15DF9EC31BFC12F5005CCECB /* LaunchScreen.storyboard */ = {
			isa = PBXVariantGroup;
			children = (
				15DF9EC41BFC12F5005CCECB /* Base */,
			);
			name = LaunchScreen.storyboard;
			sourceTree = "<group>";
		};
/* End PBXVariantGroup section */

/* Begin XCBuildConfiguration section */
		15DF9ED21BFC12F5005CCECB /* Debug */ = {
			isa = XCBuildConfiguration;
			buildSettings = {
				ALWAYS_SEARCH_USER_PATHS = NO;
				CLANG_CXX_LANGUAGE_STANDARD = "gnu++0x";
				CLANG_CXX_LIBRARY = "libc++";
				CLANG_ENABLE_MODULES = YES;
				CLANG_ENABLE_OBJC_ARC = YES;
				CLANG_WARN_BOOL_CONVERSION = YES;
				CLANG_WARN_CONSTANT_CONVERSION = YES;
				CLANG_WARN_DIRECT_OBJC_ISA_USAGE = YES_ERROR;
				CLANG_WARN_EMPTY_BODY = YES;
				CLANG_WARN_ENUM_CONVERSION = YES;
				CLANG_WARN_INT_CONVERSION = YES;
				CLANG_WARN_OBJC_ROOT_CLASS = YES_ERROR;
				CLANG_WARN_UNREACHABLE_CODE = YES;
				CLANG_WARN__DUPLICATE_METHOD_MATCH = YES;
				"CODE_SIGN_IDENTITY[sdk=iphoneos*]" = "iPhone Developer";
				COPY_PHASE_STRIP = NO;
				DEBUG_INFORMATION_FORMAT = dwarf;
				ENABLE_STRICT_OBJC_MSGSEND = YES;
				ENABLE_TESTABILITY = YES;
				GCC_C_LANGUAGE_STANDARD = gnu99;
				GCC_DYNAMIC_NO_PIC = NO;
				GCC_NO_COMMON_BLOCKS = YES;
				GCC_OPTIMIZATION_LEVEL = 0;
				GCC_PREPROCESSOR_DEFINITIONS = (
					"DEBUG=1",
					"$(inherited)",
				);
				GCC_WARN_64_TO_32_BIT_CONVERSION = YES;
				GCC_WARN_ABOUT_RETURN_TYPE = YES_ERROR;
				GCC_WARN_UNDECLARED_SELECTOR = YES;
				GCC_WARN_UNINITIALIZED_AUTOS = YES_AGGRESSIVE;
				GCC_WARN_UNUSED_FUNCTION = YES;
				GCC_WARN_UNUSED_VARIABLE = YES;
				IPHONEOS_DEPLOYMENT_TARGET = 9.1;
				MTL_ENABLE_DEBUG_INFO = YES;
				ONLY_ACTIVE_ARCH = YES;
				SDKROOT = iphoneos;
				SWIFT_OPTIMIZATION_LEVEL = "-Onone";
				TARGETED_DEVICE_FAMILY = "1,2";
			};
			name = Debug;
		};
		15DF9ED31BFC12F5005CCECB /* Release */ = {
			isa = XCBuildConfiguration;
			buildSettings = {
				ALWAYS_SEARCH_USER_PATHS = NO;
				CLANG_CXX_LANGUAGE_STANDARD = "gnu++0x";
				CLANG_CXX_LIBRARY = "libc++";
				CLANG_ENABLE_MODULES = YES;
				CLANG_ENABLE_OBJC_ARC = YES;
				CLANG_WARN_BOOL_CONVERSION = YES;
				CLANG_WARN_CONSTANT_CONVERSION = YES;
				CLANG_WARN_DIRECT_OBJC_ISA_USAGE = YES_ERROR;
				CLANG_WARN_EMPTY_BODY = YES;
				CLANG_WARN_ENUM_CONVERSION = YES;
				CLANG_WARN_INT_CONVERSION = YES;
				CLANG_WARN_OBJC_ROOT_CLASS = YES_ERROR;
				CLANG_WARN_UNREACHABLE_CODE = YES;
				CLANG_WARN__DUPLICATE_METHOD_MATCH = YES;
				"CODE_SIGN_IDENTITY[sdk=iphoneos*]" = "iPhone Developer";
				COPY_PHASE_STRIP = NO;
				DEBUG_INFORMATION_FORMAT = "dwarf-with-dsym";
				ENABLE_NS_ASSERTIONS = NO;
				ENABLE_STRICT_OBJC_MSGSEND = YES;
				GCC_C_LANGUAGE_STANDARD = gnu99;
				GCC_NO_COMMON_BLOCKS = YES;
				GCC_WARN_64_TO_32_BIT_CONVERSION = YES;
				GCC_WARN_ABOUT_RETURN_TYPE = YES_ERROR;
				GCC_WARN_UNDECLARED_SELECTOR = YES;
				GCC_WARN_UNINITIALIZED_AUTOS = YES_AGGRESSIVE;
				GCC_WARN_UNUSED_FUNCTION = YES;
				GCC_WARN_UNUSED_VARIABLE = YES;
				IPHONEOS_DEPLOYMENT_TARGET = 9.1;
				MTL_ENABLE_DEBUG_INFO = NO;
				SDKROOT = iphoneos;
				TARGETED_DEVICE_FAMILY = "1,2";
				VALIDATE_PRODUCT = YES;
			};
			name = Release;
		};
		15DF9ED51BFC12F5005CCECB /* Debug */ = {
			isa = XCBuildConfiguration;
			buildSettings = {
				ASSETCATALOG_COMPILER_APPICON_NAME = AppIcon;
				INFOPLIST_FILE = "git-fun/Info.plist";
				LD_RUNPATH_SEARCH_PATHS = "$(inherited) @executable_path/Frameworks";
				PRODUCT_BUNDLE_IDENTIFIER = "com.quarkLabs.git-fun";
				PRODUCT_NAME = "$(TARGET_NAME)";
			};
			name = Debug;
		};
		15DF9ED61BFC12F5005CCECB /* Release */ = {
			isa = XCBuildConfiguration;
			buildSettings = {
				ASSETCATALOG_COMPILER_APPICON_NAME = AppIcon;
				INFOPLIST_FILE = "git-fun/Info.plist";
				LD_RUNPATH_SEARCH_PATHS = "$(inherited) @executable_path/Frameworks";
				PRODUCT_BUNDLE_IDENTIFIER = "com.quarkLabs.git-fun";
				PRODUCT_NAME = "$(TARGET_NAME)";
			};
			name = Release;
		};
		15DF9ED81BFC12F5005CCECB /* Debug */ = {
			isa = XCBuildConfiguration;
			buildSettings = {
				BUNDLE_LOADER = "$(TEST_HOST)";
				INFOPLIST_FILE = "git-funTests/Info.plist";
				LD_RUNPATH_SEARCH_PATHS = "$(inherited) @executable_path/Frameworks @loader_path/Frameworks";
				PRODUCT_BUNDLE_IDENTIFIER = "com.quarkLabs.git-funTests";
				PRODUCT_NAME = "$(TARGET_NAME)";
				TEST_HOST = "$(BUILT_PRODUCTS_DIR)/git-fun.app/git-fun";
			};
			name = Debug;
		};
		15DF9ED91BFC12F5005CCECB /* Release */ = {
			isa = XCBuildConfiguration;
			buildSettings = {
				BUNDLE_LOADER = "$(TEST_HOST)";
				INFOPLIST_FILE = "git-funTests/Info.plist";
				LD_RUNPATH_SEARCH_PATHS = "$(inherited) @executable_path/Frameworks @loader_path/Frameworks";
				PRODUCT_BUNDLE_IDENTIFIER = "com.quarkLabs.git-funTests";
				PRODUCT_NAME = "$(TARGET_NAME)";
				TEST_HOST = "$(BUILT_PRODUCTS_DIR)/git-fun.app/git-fun";
			};
			name = Release;
		};
/* End XCBuildConfiguration section */

/* Begin XCConfigurationList section */
		15DF9EAF1BFC12F5005CCECB /* Build configuration list for PBXProject "git-fun" */ = {
			isa = XCConfigurationList;
			buildConfigurations = (
				15DF9ED21BFC12F5005CCECB /* Debug */,
				15DF9ED31BFC12F5005CCECB /* Release */,
			);
			defaultConfigurationIsVisible = 0;
			defaultConfigurationName = Release;
		};
		15DF9ED41BFC12F5005CCECB /* Build configuration list for PBXNativeTarget "git-fun" */ = {
			isa = XCConfigurationList;
			buildConfigurations = (
				15DF9ED51BFC12F5005CCECB /* Debug */,
				15DF9ED61BFC12F5005CCECB /* Release */,
			);
			defaultConfigurationIsVisible = 0;
		};
		15DF9ED71BFC12F5005CCECB /* Build configuration list for PBXNativeTarget "git-funTests" */ = {
			isa = XCConfigurationList;
			buildConfigurations = (
				15DF9ED81BFC12F5005CCECB /* Debug */,
				15DF9ED91BFC12F5005CCECB /* Release */,
			);
			defaultConfigurationIsVisible = 0;
		};
/* End XCConfigurationList section */

/* Begin XCVersionGroup section */
		15DF9EBE1BFC12F5005CCECB /* git_fun.xcdatamodeld */ = {
			isa = XCVersionGroup;
			children = (
				15DF9EBF1BFC12F5005CCECB /* git_fun.xcdatamodel */,
			);
			currentVersion = 15DF9EBF1BFC12F5005CCECB /* git_fun.xcdatamodel */;
			path = git_fun.xcdatamodeld;
			sourceTree = "<group>";
			versionGroupType = wrapper.xcdatamodel;
		};
/* End XCVersionGroup section */
	};
	rootObject = 15DF9EAC1BFC12F5005CCECB /* Project object */;
}
